
Microsoft Visual Studio Solution File, Format Version 12.00
# Visual Studio Version 16
VisualStudioVersion = 16.0.32413.511
MinimumVisualStudioVersion = 10.0.40219.1
Project("{FAE04EC0-301F-11D3-BF4B-00C04F79EFBC}") = "TestWebForms", "TestWebForms.csproj", "{6E2E7D3F-418A-430C-979C-2EE67D7C8016}"
EndProject
Global
	GlobalSection(SolutionConfigurationPlatforms) = preSolution
		Debug|Any CPU = Debug|Any CPU
		Release|Any CPU = Release|Any CPU
	EndGlobalSection
	GlobalSection(ProjectConfigurationPlatforms) = postSolution
		{6E2E7D3F-418A-430C-979C-2EE67D7C8016}.Debug|Any CPU.ActiveCfg = Debug|Any CPU
		{6E2E7D3F-418A-430C-979C-2EE67D7C8016}.Debug|Any CPU.Build.0 = Debug|Any CPU
		{6E2E7D3F-418A-430C-979C-2EE67D7C8016}.Release|Any CPU.ActiveCfg = Release|Any CPU
		{6E2E7D3F-418A-430C-979C-2EE67D7C8016}.Release|Any CPU.Build.0 = Release|Any CPU
	EndGlobalSection
	GlobalSection(SolutionProperties) = preSolution
		HideSolutionNode = FALSE
	EndGlobalSection
	GlobalSection(ExtensibilityGlobals) = postSolution
		SolutionGuid = {8DAC0D08-3334-44FC-B1C8-AD61EA1D9E8E}
	EndGlobalSection
EndGlobal
